
Microsoft Visual Studio Solution File, Format Version 12.00
# Visual Studio 15
Project("{FAE04EC0-301F-11D3-BF4B-00C04F79EFBC}") = "Assembly-CSharp", "Assembly-CSharp.csproj", "{CB11BB26-2C5D-EC52-3D30-67A10D629106}"
EndProject
Project("{FAE04EC0-301F-11D3-BF4B-00C04F79EFBC}") = "Assembly-CSharp-firstpass", "Assembly-CSharp-firstpass.csproj", "{679F57CE-BA07-08E3-B846-CD816DB9AC94}"
EndProject
Project("{FAE04EC0-301F-11D3-BF4B-00C04F79EFBC}") = "Assembly-CSharp-Editor-firstpass", "Assembly-CSharp-Editor-firstpass.csproj", "{7AE4CDC3-0BA8-ED15-2F6C-DFE9276BC677}"
EndProject
Project("{FAE04EC0-301F-11D3-BF4B-00C04F79EFBC}") = "Assembly-CSharp-Editor", "Assembly-CSharp-Editor.csproj", "{9A9ADAD4-F342-9AEE-2F7E-C10FFF651B65}"
EndProject
Global
	GlobalSection(SolutionConfigurationPlatforms) = preSolution
		Debug|Any CPU = Debug|Any CPU
		Release|Any CPU = Release|Any CPU
	EndGlobalSection
	GlobalSection(ProjectConfigurationPlatforms) = postSolution
		{CB11BB26-2C5D-EC52-3D30-67A10D629106}.Debug|Any CPU.ActiveCfg = Debug|Any CPU
		{CB11BB26-2C5D-EC52-3D30-67A10D629106}.Debug|Any CPU.Build.0 = Debug|Any CPU
		{CB11BB26-2C5D-EC52-3D30-67A10D629106}.Release|Any CPU.ActiveCfg = Release|Any CPU
		{CB11BB26-2C5D-EC52-3D30-67A10D629106}.Release|Any CPU.Build.0 = Release|Any CPU
		{679F57CE-BA07-08E3-B846-CD816DB9AC94}.Debug|Any CPU.ActiveCfg = Debug|Any CPU
		{679F57CE-BA07-08E3-B846-CD816DB9AC94}.Debug|Any CPU.Build.0 = Debug|Any CPU
		{679F57CE-BA07-08E3-B846-CD816DB9AC94}.Release|Any CPU.ActiveCfg = Release|Any CPU
		{679F57CE-BA07-08E3-B846-CD816DB9AC94}.Release|Any CPU.Build.0 = Release|Any CPU
		{7AE4CDC3-0BA8-ED15-2F6C-DFE9276BC677}.Debug|Any CPU.ActiveCfg = Debug|Any CPU
		{7AE4CDC3-0BA8-ED15-2F6C-DFE9276BC677}.Debug|Any CPU.Build.0 = Debug|Any CPU
		{7AE4CDC3-0BA8-ED15-2F6C-DFE9276BC677}.Release|Any CPU.ActiveCfg = Release|Any CPU
		{7AE4CDC3-0BA8-ED15-2F6C-DFE9276BC677}.Release|Any CPU.Build.0 = Release|Any CPU
		{9A9ADAD4-F342-9AEE-2F7E-C10FFF651B65}.Debug|Any CPU.ActiveCfg = Debug|Any CPU
		{9A9ADAD4-F342-9AEE-2F7E-C10FFF651B65}.Debug|Any CPU.Build.0 = Debug|Any CPU
		{9A9ADAD4-F342-9AEE-2F7E-C10FFF651B65}.Release|Any CPU.ActiveCfg = Release|Any CPU
		{9A9ADAD4-F342-9AEE-2F7E-C10FFF651B65}.Release|Any CPU.Build.0 = Release|Any CPU
	EndGlobalSection
	GlobalSection(SolutionProperties) = preSolution
		HideSolutionNode = FALSE
	EndGlobalSection
EndGlobal
